
Microsoft Visual Studio Solution File, Format Version 12.00
# Visual Studio Version 16
VisualStudioVersion = 16.0.31112.23
MinimumVisualStudioVersion = 10.0.40219.1
Project("{F184B08F-C81C-45F6-A57F-5ABD9991F28F}") = "Perpus", "Perpus.vbproj", "{998F9067-5A69-4069-BE79-03F2B3C9E88E}"
EndProject
Global
	GlobalSection(SolutionConfigurationPlatforms) = preSolution
		Debug|Any CPU = Debug|Any CPU
		Release|Any CPU = Release|Any CPU
	EndGlobalSection
	GlobalSection(ProjectConfigurationPlatforms) = postSolution
		{998F9067-5A69-4069-BE79-03F2B3C9E88E}.Debug|Any CPU.ActiveCfg = Debug|Any CPU
		{998F9067-5A69-4069-BE79-03F2B3C9E88E}.Debug|Any CPU.Build.0 = Debug|Any CPU
		{998F9067-5A69-4069-BE79-03F2B3C9E88E}.Release|Any CPU.ActiveCfg = Release|Any CPU
		{998F9067-5A69-4069-BE79-03F2B3C9E88E}.Release|Any CPU.Build.0 = Release|Any CPU
	EndGlobalSection
	GlobalSection(SolutionProperties) = preSolution
		HideSolutionNode = FALSE
	EndGlobalSection
	GlobalSection(ExtensibilityGlobals) = postSolution
		SolutionGuid = {B8F74A2A-6879-4F64-950C-73FD6D62C1EE}
	EndGlobalSection
EndGlobal
