
Microsoft Visual Studio Solution File, Format Version 12.00
# Visual Studio Version 16
VisualStudioVersion = 16.0.31019.35
MinimumVisualStudioVersion = 10.0.40219.1
Project("{F184B08F-C81C-45F6-A57F-5ABD9991F28F}") = "K3519076_Project8", "K3519076_Project8.vbproj", "{A2559189-AE76-4FEA-9C2F-FB8EC54EE395}"
EndProject
Global
	GlobalSection(SolutionConfigurationPlatforms) = preSolution
		Debug|Any CPU = Debug|Any CPU
		Release|Any CPU = Release|Any CPU
	EndGlobalSection
	GlobalSection(ProjectConfigurationPlatforms) = postSolution
		{A2559189-AE76-4FEA-9C2F-FB8EC54EE395}.Debug|Any CPU.ActiveCfg = Debug|Any CPU
		{A2559189-AE76-4FEA-9C2F-FB8EC54EE395}.Debug|Any CPU.Build.0 = Debug|Any CPU
		{A2559189-AE76-4FEA-9C2F-FB8EC54EE395}.Release|Any CPU.ActiveCfg = Release|Any CPU
		{A2559189-AE76-4FEA-9C2F-FB8EC54EE395}.Release|Any CPU.Build.0 = Release|Any CPU
	EndGlobalSection
	GlobalSection(SolutionProperties) = preSolution
		HideSolutionNode = FALSE
	EndGlobalSection
	GlobalSection(ExtensibilityGlobals) = postSolution
		SolutionGuid = {B4E4A615-233F-4FD6-8A69-6E2CB099BC17}
	EndGlobalSection
EndGlobal
