
Microsoft Visual Studio Solution File, Format Version 12.00
# Visual Studio Version 16
VisualStudioVersion = 16.0.31402.337
MinimumVisualStudioVersion = 10.0.40219.1
Project("{F184B08F-C81C-45F6-A57F-5ABD9991F28F}") = "K3519076_Projek45", "K3519076_Projek45.vbproj", "{763161D9-E7B0-440E-AFA4-493082DCFCF1}"
EndProject
Global
	GlobalSection(SolutionConfigurationPlatforms) = preSolution
		Debug|Any CPU = Debug|Any CPU
		Release|Any CPU = Release|Any CPU
	EndGlobalSection
	GlobalSection(ProjectConfigurationPlatforms) = postSolution
		{763161D9-E7B0-440E-AFA4-493082DCFCF1}.Debug|Any CPU.ActiveCfg = Debug|Any CPU
		{763161D9-E7B0-440E-AFA4-493082DCFCF1}.Debug|Any CPU.Build.0 = Debug|Any CPU
		{763161D9-E7B0-440E-AFA4-493082DCFCF1}.Release|Any CPU.ActiveCfg = Release|Any CPU
		{763161D9-E7B0-440E-AFA4-493082DCFCF1}.Release|Any CPU.Build.0 = Release|Any CPU
	EndGlobalSection
	GlobalSection(SolutionProperties) = preSolution
		HideSolutionNode = FALSE
	EndGlobalSection
	GlobalSection(ExtensibilityGlobals) = postSolution
		SolutionGuid = {F38FC4ED-1A69-48CD-B3EB-B62A85ACA83E}
	EndGlobalSection
EndGlobal
